PODS:
  - RestApiManager (0.0.8)
  - RxSwift (4.1.2)

DEPENDENCIES:
  - RestApiManager
  - RxSwift

SPEC CHECKSUMS:
  RestApiManager: e91d401384c580ea5d2d21870c03acacd75d3385
  RxSwift: e49536837d9901277638493ea537394d4b55f570

PODFILE CHECKSUM: 86861c6dabf306267bb4c08f52d4f90428e31c6e

COCOAPODS: 1.4.0
